// !$*UTF8*$!
{
	archiveVersion = 1;
	classes = {
	};
	objectVersion = 77;
	objects = {

/* Begin PBXBuildFile section */
		003152D070E2290A9A61BA9E /* Pods_FuelEfficiencyPreditorTests.framework in Frameworks */ = {isa = PBXBuildFile; fileRef = 8371234152B13F479C384A03 /* Pods_FuelEfficiencyPreditorTests.framework */; };
		56E867D557708C8E0147890E /* Pods_FuelEfficiencyPreditor_FuelEfficiencyPreditorUITests.framework in Frameworks */ = {isa = PBXBuildFile; fileRef = B81FADAABEF9AE05374DBC73 /* Pods_FuelEfficiencyPreditor_FuelEfficiencyPreditorUITests.framework */; };
		5F82F2C9610C2B541831CE14 /* Pods_FuelEfficiencyPreditor.framework in Frameworks */ = {isa = PBXBuildFile; fileRef = A01B2437A2B7E8E44A6B7B60 /* Pods_FuelEfficiencyPreditor.framework */; };
/* End PBXBuildFile section */

/* Begin PBXContainerItemProxy section */
		F9F08DAD2E3E47C2002DCC6B /* PBXContainerItemProxy */ = {
			isa = PBXContainerItemProxy;
			containerPortal = F9F08D962E3E47BF002DCC6B /* Project object */;
			proxyType = 1;
			remoteGlobalIDString = F9F08D9D2E3E47BF002DCC6B;
			remoteInfo = FuelEfficiencyPreditor;
		};
		F9F08DB72E3E47C2002DCC6B /* PBXContainerItemProxy */ = {
			isa = PBXContainerItemProxy;
			containerPortal = F9F08D962E3E47BF002DCC6B /* Project object */;
			proxyType = 1;
			remoteGlobalIDString = F9F08D9D2E3E47BF002DCC6B;
			remoteInfo = FuelEfficiencyPreditor;
		};
/* End PBXContainerItemProxy section */

/* Begin PBXFileReference section */
		8371234152B13F479C384A03 /* Pods_FuelEfficiencyPreditorTests.framework */ = {isa = PBXFileReference; explicitFileType = wrapper.framework; includeInIndex = 0; path = Pods_FuelEfficiencyPreditorTests.framework; sourceTree = BUILT_PRODUCTS_DIR; };
		83AB6779BF1C248A7142FAE6 /* Pods-FuelEfficiencyPreditor-FuelEfficiencyPreditorUITests.debug.xcconfig */ = {isa = PBXFileReference; includeInIndex = 1; lastKnownFileType = text.xcconfig; name = "Pods-FuelEfficiencyPreditor-FuelEfficiencyPreditorUITests.debug.xcconfig"; path = "Target Support Files/Pods-FuelEfficiencyPreditor-FuelEfficiencyPreditorUITests/Pods-FuelEfficiencyPreditor-FuelEfficiencyPreditorUITests.debug.xcconfig"; sourceTree = "<group>"; };
		91622AC5A0ADA3AB7DACC191 /* Pods-FuelEfficiencyPreditor-FuelEfficiencyPreditorUITests.release.xcconfig */ = {isa = PBXFileReference; includeInIndex = 1; lastKnownFileType = text.xcconfig; name = "Pods-FuelEfficiencyPreditor-FuelEfficiencyPreditorUITests.release.xcconfig"; path = "Target Support Files/Pods-FuelEfficiencyPreditor-FuelEfficiencyPreditorUITests/Pods-FuelEfficiencyPreditor-FuelEfficiencyPreditorUITests.release.xcconfig"; sourceTree = "<group>"; };
		95D383A202CB332A8FCA5470 /* Pods-FuelEfficiencyPreditor.debug.xcconfig */ = {isa = PBXFileReference; includeInIndex = 1; lastKnownFileType = text.xcconfig; name = "Pods-FuelEfficiencyPreditor.debug.xcconfig"; path = "Target Support Files/Pods-FuelEfficiencyPreditor/Pods-FuelEfficiencyPreditor.debug.xcconfig"; sourceTree = "<group>"; };
		9768FCCD4A2EA5654915106B /* Pods-FuelEfficiencyPreditor.release.xcconfig */ = {isa = PBXFileReference; includeInIndex = 1; lastKnownFileType = text.xcconfig; name = "Pods-FuelEfficiencyPreditor.release.xcconfig"; path = "Target Support Files/Pods-FuelEfficiencyPreditor/Pods-FuelEfficiencyPreditor.release.xcconfig"; sourceTree = "<group>"; };
		A01B2437A2B7E8E44A6B7B60 /* Pods_FuelEfficiencyPreditor.framework */ = {isa = PBXFileReference; explicitFileType = wrapper.framework; includeInIndex = 0; path = Pods_FuelEfficiencyPreditor.framework; sourceTree = BUILT_PRODUCTS_DIR; };
		B81FADAABEF9AE05374DBC73 /* Pods_FuelEfficiencyPreditor_FuelEfficiencyPreditorUITests.framework */ = {isa = PBXFileReference; explicitFileType = wrapper.framework; includeInIndex = 0; path = Pods_FuelEfficiencyPreditor_FuelEfficiencyPreditorUITests.framework; sourceTree = BUILT_PRODUCTS_DIR; };
		E2FC8B1937A5D125196DD9D0 /* Pods-FuelEfficiencyPreditorTests.release.xcconfig */ = {isa = PBXFileReference; includeInIndex = 1; lastKnownFileType = text.xcconfig; name = "Pods-FuelEfficiencyPreditorTests.release.xcconfig"; path = "Target Support Files/Pods-FuelEfficiencyPreditorTests/Pods-FuelEfficiencyPreditorTests.release.xcconfig"; sourceTree = "<group>"; };
		EB8C234899264691DD43EEA3 /* Pods-FuelEfficiencyPreditorTests.debug.xcconfig */ = {isa = PBXFileReference; includeInIndex = 1; lastKnownFileType = text.xcconfig; name = "Pods-FuelEfficiencyPreditorTests.debug.xcconfig"; path = "Target Support Files/Pods-FuelEfficiencyPreditorTests/Pods-FuelEfficiencyPreditorTests.debug.xcconfig"; sourceTree = "<group>"; };
		F9F08D9E2E3E47BF002DCC6B /* FuelEfficiencyPreditor.app */ = {isa = PBXFileReference; explicitFileType = wrapper.application; includeInIndex = 0; path = FuelEfficiencyPreditor.app; sourceTree = BUILT_PRODUCTS_DIR; };
		F9F08DAC2E3E47C2002DCC6B /* FuelEfficiencyPreditorTests.xctest */ = {isa = PBXFileReference; explicitFileType = wrapper.cfbundle; includeInIndex = 0; path = FuelEfficiencyPreditorTests.xctest; sourceTree = BUILT_PRODUCTS_DIR; };
		F9F08DB62E3E47C2002DCC6B /* FuelEfficiencyPreditorUITests.xctest */ = {isa = PBXFileReference; explicitFileType = wrapper.cfbundle; includeInIndex = 0; path = FuelEfficiencyPreditorUITests.xctest; sourceTree = BUILT_PRODUCTS_DIR; };
/* End PBXFileReference section */

/* Begin PBXFileSystemSynchronizedRootGroup section */
		F991F7E12E3F7C9200027C4D /* FuelEfficiencyPreditor */ = {
			isa = PBXFileSystemSynchronizedRootGroup;
			path = FuelEfficiencyPreditor;
			sourceTree = "<group>";
		};
		F9F08DAF2E3E47C2002DCC6B /* FuelEfficiencyPreditorTests */ = {
			isa = PBXFileSystemSynchronizedRootGroup;
			path = FuelEfficiencyPreditorTests;
			sourceTree = "<group>";
		};
		F9F08DB92E3E47C2002DCC6B /* FuelEfficiencyPreditorUITests */ = {
			isa = PBXFileSystemSynchronizedRootGroup;
			path = FuelEfficiencyPreditorUITests;
			sourceTree = "<group>";
		};
/* End PBXFileSystemSynchronizedRootGroup section */

/* Begin PBXFrameworksBuildPhase section */
		F9F08D9B2E3E47BF002DCC6B /* Frameworks */ = {
			isa = PBXFrameworksBuildPhase;
			buildActionMask = 2147483647;
			files = (
				5F82F2C9610C2B541831CE14 /* Pods_FuelEfficiencyPreditor.framework in Frameworks */,
			);
			runOnlyForDeploymentPostprocessing = 0;
		};
		F9F08DA92E3E47C2002DCC6B /* Frameworks */ = {
			isa = PBXFrameworksBuildPhase;
			buildActionMask = 2147483647;
			files = (
				003152D070E2290A9A61BA9E /* Pods_FuelEfficiencyPreditorTests.framework in Frameworks */,
			);
			runOnlyForDeploymentPostprocessing = 0;
		};
		F9F08DB32E3E47C2002DCC6B /* Frameworks */ = {
			isa = PBXFrameworksBuildPhase;
			buildActionMask = 2147483647;
			files = (
				56E867D557708C8E0147890E /* Pods_FuelEfficiencyPreditor_FuelEfficiencyPreditorUITests.framework in Frameworks */,
			);
			runOnlyForDeploymentPostprocessing = 0;
		};
/* End PBXFrameworksBuildPhase section */

/* Begin PBXGroup section */
		162F421C2D7D159AFC848591 /* Frameworks */ = {
			isa = PBXGroup;
			children = (
				A01B2437A2B7E8E44A6B7B60 /* Pods_FuelEfficiencyPreditor.framework */,
				B81FADAABEF9AE05374DBC73 /* Pods_FuelEfficiencyPreditor_FuelEfficiencyPreditorUITests.framework */,
				8371234152B13F479C384A03 /* Pods_FuelEfficiencyPreditorTests.framework */,
			);
			name = Frameworks;
			sourceTree = "<group>";
		};
		BBD1D55A35E1120E5D958431 /* Pods */ = {
			isa = PBXGroup;
			children = (
				95D383A202CB332A8FCA5470 /* Pods-FuelEfficiencyPreditor.debug.xcconfig */,
				9768FCCD4A2EA5654915106B /* Pods-FuelEfficiencyPreditor.release.xcconfig */,
				83AB6779BF1C248A7142FAE6 /* Pods-FuelEfficiencyPreditor-FuelEfficiencyPreditorUITests.debug.xcconfig */,
				91622AC5A0ADA3AB7DACC191 /* Pods-FuelEfficiencyPreditor-FuelEfficiencyPreditorUITests.release.xcconfig */,
				EB8C234899264691DD43EEA3 /* Pods-FuelEfficiencyPreditorTests.debug.xcconfig */,
				E2FC8B1937A5D125196DD9D0 /* Pods-FuelEfficiencyPreditorTests.release.xcconfig */,
			);
			path = Pods;
			sourceTree = "<group>";
		};
		F9F08D952E3E47BF002DCC6B = {
			isa = PBXGroup;
			children = (
				F991F7E12E3F7C9200027C4D /* FuelEfficiencyPreditor */,
				F9F08DAF2E3E47C2002DCC6B /* FuelEfficiencyPreditorTests */,
				F9F08DB92E3E47C2002DCC6B /* FuelEfficiencyPreditorUITests */,
				F9F08D9F2E3E47BF002DCC6B /* Products */,
				BBD1D55A35E1120E5D958431 /* Pods */,
				162F421C2D7D159AFC848591 /* Frameworks */,
			);
			sourceTree = "<group>";
		};
		F9F08D9F2E3E47BF002DCC6B /* Products */ = {
			isa = PBXGroup;
			children = (
				F9F08D9E2E3E47BF002DCC6B /* FuelEfficiencyPreditor.app */,
				F9F08DAC2E3E47C2002DCC6B /* FuelEfficiencyPreditorTests.xctest */,
				F9F08DB62E3E47C2002DCC6B /* FuelEfficiencyPreditorUITests.xctest */,
			);
			name = Products;
			sourceTree = "<group>";
		};
/* End PBXGroup section */

/* Begin PBXNativeTarget section */
		F9F08D9D2E3E47BF002DCC6B /* FuelEfficiencyPreditor */ = {
			isa = PBXNativeTarget;
			buildConfigurationList = F9F08DC02E3E47C2002DCC6B /* Build configuration list for PBXNativeTarget "FuelEfficiencyPreditor" */;
			buildPhases = (
				93EE56C1322C3B469F17CFCC /* [CP] Check Pods Manifest.lock */,
				F9F08D9A2E3E47BF002DCC6B /* Sources */,
				F9F08D9B2E3E47BF002DCC6B /* Frameworks */,
				F9F08D9C2E3E47BF002DCC6B /* Resources */,
				236E57D0CEE31B1A8E60D8F7 /* [CP] Copy Pods Resources */,
			);
			buildRules = (
			);
			dependencies = (
			);
			fileSystemSynchronizedGroups = (
				F991F7E12E3F7C9200027C4D /* FuelEfficiencyPreditor */,
			);
			name = FuelEfficiencyPreditor;
			productName = FuelEfficiencyPreditor;
			productReference = F9F08D9E2E3E47BF002DCC6B /* FuelEfficiencyPreditor.app */;
			productType = "com.apple.product-type.application";
		};
		F9F08DAB2E3E47C2002DCC6B /* FuelEfficiencyPreditorTests */ = {
			isa = PBXNativeTarget;
			buildConfigurationList = F9F08DC32E3E47C2002DCC6B /* Build configuration list for PBXNativeTarget "FuelEfficiencyPreditorTests" */;
			buildPhases = (
				AC62E6453F1595E26FD35A9F /* [CP] Check Pods Manifest.lock */,
				F9F08DA82E3E47C2002DCC6B /* Sources */,
				F9F08DA92E3E47C2002DCC6B /* Frameworks */,
				F9F08DAA2E3E47C2002DCC6B /* Resources */,
			);
			buildRules = (
			);
			dependencies = (
				F9F08DAE2E3E47C2002DCC6B /* PBXTargetDependency */,
			);
			fileSystemSynchronizedGroups = (
				F9F08DAF2E3E47C2002DCC6B /* FuelEfficiencyPreditorTests */,
			);
			name = FuelEfficiencyPreditorTests;
			productName = FuelEfficiencyPreditorTests;
			productReference = F9F08DAC2E3E47C2002DCC6B /* FuelEfficiencyPreditorTests.xctest */;
			productType = "com.apple.product-type.bundle.unit-test";
		};
		F9F08DB52E3E47C2002DCC6B /* FuelEfficiencyPreditorUITests */ = {
			isa = PBXNativeTarget;
			buildConfigurationList = F9F08DC62E3E47C2002DCC6B /* Build configuration list for PBXNativeTarget "FuelEfficiencyPreditorUITests" */;
			buildPhases = (
				0C7B000332D5D3624D9D3957 /* [CP] Check Pods Manifest.lock */,
				F9F08DB22E3E47C2002DCC6B /* Sources */,
				F9F08DB32E3E47C2002DCC6B /* Frameworks */,
				F9F08DB42E3E47C2002DCC6B /* Resources */,
				571264B2B70514E18BD504EC /* [CP] Copy Pods Resources */,
			);
			buildRules = (
			);
			dependencies = (
				F9F08DB82E3E47C2002DCC6B /* PBXTargetDependency */,
			);
			fileSystemSynchronizedGroups = (
				F9F08DB92E3E47C2002DCC6B /* FuelEfficiencyPreditorUITests */,
			);
			name = FuelEfficiencyPreditorUITests;
			productName = FuelEfficiencyPreditorUITests;
			productReference = F9F08DB62E3E47C2002DCC6B /* FuelEfficiencyPreditorUITests.xctest */;
			productType = "com.apple.product-type.bundle.ui-testing";
		};
/* End PBXNativeTarget section */

/* Begin PBXProject section */
		F9F08D962E3E47BF002DCC6B /* Project object */ = {
			isa = PBXProject;
			attributes = {
				BuildIndependentTargetsInParallel = 1;
				LastSwiftUpdateCheck = 1630;
				LastUpgradeCheck = 1630;
				TargetAttributes = {
					F9F08D9D2E3E47BF002DCC6B = {
						CreatedOnToolsVersion = 16.3;
					};
					F9F08DAB2E3E47C2002DCC6B = {
						CreatedOnToolsVersion = 16.3;
						TestTargetID = F9F08D9D2E3E47BF002DCC6B;
					};
					F9F08DB52E3E47C2002DCC6B = {
						CreatedOnToolsVersion = 16.3;
						TestTargetID = F9F08D9D2E3E47BF002DCC6B;
					};
				};
			};
			buildConfigurationList = F9F08D992E3E47BF002DCC6B /* Build configuration list for PBXProject "FuelEfficiencyPreditor" */;
			developmentRegion = en;
			hasScannedForEncodings = 0;
			knownRegions = (
				en,
				Base,
			);
			mainGroup = F9F08D952E3E47BF002DCC6B;
			minimizedProjectReferenceProxies = 1;
			preferredProjectObjectVersion = 77;
			productRefGroup = F9F08D9F2E3E47BF002DCC6B /* Products */;
			projectDirPath = "";
			projectRoot = "";
			targets = (
				F9F08D9D2E3E47BF002DCC6B /* FuelEfficiencyPreditor */,
				F9F08DAB2E3E47C2002DCC6B /* FuelEfficiencyPreditorTests */,
				F9F08DB52E3E47C2002DCC6B /* FuelEfficiencyPreditorUITests */,
			);
		};
/* End PBXProject section */

/* Begin PBXResourcesBuildPhase section */
		F9F08D9C2E3E47BF002DCC6B /* Resources */ = {
			isa = PBXResourcesBuildPhase;
			buildActionMask = 2147483647;
			files = (
			);
			runOnlyForDeploymentPostprocessing = 0;
		};
		F9F08DAA2E3E47C2002DCC6B /* Resources */ = {
			isa = PBXResourcesBuildPhase;
			buildActionMask = 2147483647;
			files = (
			);
			runOnlyForDeploymentPostprocessing = 0;
		};
		F9F08DB42E3E47C2002DCC6B /* Resources */ = {
			isa = PBXResourcesBuildPhase;
			buildActionMask = 2147483647;
			files = (
			);
			runOnlyForDeploymentPostprocessing = 0;
		};
/* End PBXResourcesBuildPhase section */

/* Begin PBXShellScriptBuildPhase section */
		0C7B000332D5D3624D9D3957 /* [CP] Check Pods Manifest.lock */ = {
			isa = PBXShellScriptBuildPhase;
			buildActionMask = 2147483647;
			files = (
			);
			inputFileListPaths = (
			);
			inputPaths = (
				"${PODS_PODFILE_DIR_PATH}/Podfile.lock",
				"${PODS_ROOT}/Manifest.lock",
			);
			name = "[CP] Check Pods Manifest.lock";
			outputFileListPaths = (
			);
			outputPaths = (
				"$(DERIVED_FILE_DIR)/Pods-FuelEfficiencyPreditor-FuelEfficiencyPreditorUITests-checkManifestLockResult.txt",
			);
			runOnlyForDeploymentPostprocessing = 0;
			shellPath = /bin/sh;
			shellScript = "diff \"${PODS_PODFILE_DIR_PATH}/Podfile.lock\" \"${PODS_ROOT}/Manifest.lock\" > /dev/null\nif [ $? != 0 ] ; then\n    # print error to STDERR\n    echo \"error: The sandbox is not in sync with the Podfile.lock. Run 'pod install' or update your CocoaPods installation.\" >&2\n    exit 1\nfi\n# This output is used by Xcode 'outputs' to avoid re-running this script phase.\necho \"SUCCESS\" > \"${SCRIPT_OUTPUT_FILE_0}\"\n";
			showEnvVarsInLog = 0;
		};
		236E57D0CEE31B1A8E60D8F7 /* [CP] Copy Pods Resources */ = {
			isa = PBXShellScriptBuildPhase;
			buildActionMask = 2147483647;
			files = (
			);
			inputFileListPaths = (
				"${PODS_ROOT}/Target Support Files/Pods-FuelEfficiencyPreditor/Pods-FuelEfficiencyPreditor-resources-${CONFIGURATION}-input-files.xcfilelist",
			);
			inputPaths = (
			);
			name = "[CP] Copy Pods Resources";
			outputFileListPaths = (
				"${PODS_ROOT}/Target Support Files/Pods-FuelEfficiencyPreditor/Pods-FuelEfficiencyPreditor-resources-${CONFIGURATION}-output-files.xcfilelist",
			);
			outputPaths = (
			);
			runOnlyForDeploymentPostprocessing = 0;
			shellPath = /bin/sh;
			shellScript = "\"${PODS_ROOT}/Target Support Files/Pods-FuelEfficiencyPreditor/Pods-FuelEfficiencyPreditor-resources.sh\"\n";
			showEnvVarsInLog = 0;
		};
		571264B2B70514E18BD504EC /* [CP] Copy Pods Resources */ = {
			isa = PBXShellScriptBuildPhase;
			buildActionMask = 2147483647;
			files = (
			);
			inputFileListPaths = (
				"${PODS_ROOT}/Target Support Files/Pods-FuelEfficiencyPreditor-FuelEfficiencyPreditorUITests/Pods-FuelEfficiencyPreditor-FuelEfficiencyPreditorUITests-resources-${CONFIGURATION}-input-files.xcfilelist",
			);
			inputPaths = (
			);
			name = "[CP] Copy Pods Resources";
			outputFileListPaths = (
				"${PODS_ROOT}/Target Support Files/Pods-FuelEfficiencyPreditor-FuelEfficiencyPreditorUITests/Pods-FuelEfficiencyPreditor-FuelEfficiencyPreditorUITests-resources-${CONFIGURATION}-output-files.xcfilelist",
			);
			outputPaths = (
			);
			runOnlyForDeploymentPostprocessing = 0;
			shellPath = /bin/sh;
			shellScript = "\"${PODS_ROOT}/Target Support Files/Pods-FuelEfficiencyPreditor-FuelEfficiencyPreditorUITests/Pods-FuelEfficiencyPreditor-FuelEfficiencyPreditorUITests-resources.sh\"\n";
			showEnvVarsInLog = 0;
		};
		93EE56C1322C3B469F17CFCC /* [CP] Check Pods Manifest.lock */ = {
			isa = PBXShellScriptBuildPhase;
			buildActionMask = 2147483647;
			files = (
			);
			inputFileListPaths = (
			);
			inputPaths = (
				"${PODS_PODFILE_DIR_PATH}/Podfile.lock",
				"${PODS_ROOT}/Manifest.lock",
			);
			name = "[CP] Check Pods Manifest.lock";
			outputFileListPaths = (
			);
			outputPaths = (
				"$(DERIVED_FILE_DIR)/Pods-FuelEfficiencyPreditor-checkManifestLockResult.txt",
			);
			runOnlyForDeploymentPostprocessing = 0;
			shellPath = /bin/sh;
			shellScript = "diff \"${PODS_PODFILE_DIR_PATH}/Podfile.lock\" \"${PODS_ROOT}/Manifest.lock\" > /dev/null\nif [ $? != 0 ] ; then\n    # print error to STDERR\n    echo \"error: The sandbox is not in sync with the Podfile.lock. Run 'pod install' or update your CocoaPods installation.\" >&2\n    exit 1\nfi\n# This output is used by Xcode 'outputs' to avoid re-running this script phase.\necho \"SUCCESS\" > \"${SCRIPT_OUTPUT_FILE_0}\"\n";
			showEnvVarsInLog = 0;
		};
		AC62E6453F1595E26FD35A9F /* [CP] Check Pods Manifest.lock */ = {
			isa = PBXShellScriptBuildPhase;
			buildActionMask = 2147483647;
			files = (
			);
			inputFileListPaths = (
			);
			inputPaths = (
				"${PODS_PODFILE_DIR_PATH}/Podfile.lock",
				"${PODS_ROOT}/Manifest.lock",
			);
			name = "[CP] Check Pods Manifest.lock";
			outputFileListPaths = (
			);
			outputPaths = (
				"$(DERIVED_FILE_DIR)/Pods-FuelEfficiencyPreditorTests-checkManifestLockResult.txt",
			);
			runOnlyForDeploymentPostprocessing = 0;
			shellPath = /bin/sh;
			shellScript = "diff \"${PODS_PODFILE_DIR_PATH}/Podfile.lock\" \"${PODS_ROOT}/Manifest.lock\" > /dev/null\nif [ $? != 0 ] ; then\n    # print error to STDERR\n    echo \"error: The sandbox is not in sync with the Podfile.lock. Run 'pod install' or update your CocoaPods installation.\" >&2\n    exit 1\nfi\n# This output is used by Xcode 'outputs' to avoid re-running this script phase.\necho \"SUCCESS\" > \"${SCRIPT_OUTPUT_FILE_0}\"\n";
			showEnvVarsInLog = 0;
		};
/* End PBXShellScriptBuildPhase section */

/* Begin PBXSourcesBuildPhase section */
		F9F08D9A2E3E47BF002DCC6B /* Sources */ = {
			isa = PBXSourcesBuildPhase;
			buildActionMask = 2147483647;
			files = (
			);
			runOnlyForDeploymentPostprocessing = 0;
		};
		F9F08DA82E3E47C2002DCC6B /* Sources */ = {
			isa = PBXSourcesBuildPhase;
			buildActionMask = 2147483647;
			files = (
			);
			runOnlyForDeploymentPostprocessing = 0;
		};
		F9F08DB22E3E47C2002DCC6B /* Sources */ = {
			isa = PBXSourcesBuildPhase;
			buildActionMask = 2147483647;
			files = (
			);
			runOnlyForDeploymentPostprocessing = 0;
		};
/* End PBXSourcesBuildPhase section */

/* Begin PBXTargetDependency section */
		F9F08DAE2E3E47C2002DCC6B /* PBXTargetDependency */ = {
			isa = PBXTargetDependency;
			target = F9F08D9D2E3E47BF002DCC6B /* FuelEfficiencyPreditor */;
			targetProxy = F9F08DAD2E3E47C2002DCC6B /* PBXContainerItemProxy */;
		};
		F9F08DB82E3E47C2002DCC6B /* PBXTargetDependency */ = {
			isa = PBXTargetDependency;
			target = F9F08D9D2E3E47BF002DCC6B /* FuelEfficiencyPreditor */;
			targetProxy = F9F08DB72E3E47C2002DCC6B /* PBXContainerItemProxy */;
		};
/* End PBXTargetDependency section */

/* Begin XCBuildConfiguration section */
		F9F08DBE2E3E47C2002DCC6B /* Debug */ = {
			isa = XCBuildConfiguration;
			buildSettings = {
				ALWAYS_SEARCH_USER_PATHS = NO;
				ASSETCATALOG_COMPILER_GENERATE_SWIFT_ASSET_SYMBOL_EXTENSIONS = YES;
				CLANG_ANALYZER_NONNULL = YES;
				CLANG_ANALYZER_NUMBER_OBJECT_CONVERSION = YES_AGGRESSIVE;
				CLANG_CXX_LANGUAGE_STANDARD = "gnu++20";
				CLANG_ENABLE_MODULES = YES;
				CLANG_ENABLE_OBJC_ARC = YES;
				CLANG_ENABLE_OBJC_WEAK = YES;
				CLANG_WARN_BLOCK_CAPTURE_AUTORELEASING = YES;
				CLANG_WARN_BOOL_CONVERSION = YES;
				CLANG_WARN_COMMA = YES;
				CLANG_WARN_CONSTANT_CONVERSION = YES;
				CLANG_WARN_DEPRECATED_OBJC_IMPLEMENTATIONS = YES;
				CLANG_WARN_DIRECT_OBJC_ISA_USAGE = YES_ERROR;
				CLANG_WARN_DOCUMENTATION_COMMENTS = YES;
				CLANG_WARN_EMPTY_BODY = YES;
				CLANG_WARN_ENUM_CONVERSION = YES;
				CLANG_WARN_INFINITE_RECURSION = YES;
				CLANG_WARN_INT_CONVERSION = YES;
				CLANG_WARN_NON_LITERAL_NULL_CONVERSION = YES;
				CLANG_WARN_OBJC_IMPLICIT_RETAIN_SELF = YES;
				CLANG_WARN_OBJC_LITERAL_CONVERSION = YES;
				CLANG_WARN_OBJC_ROOT_CLASS = YES_ERROR;
				CLANG_WARN_QUOTED_INCLUDE_IN_FRAMEWORK_HEADER = YES;
				CLANG_WARN_RANGE_LOOP_ANALYSIS = YES;
				CLANG_WARN_STRICT_PROTOTYPES = YES;
				CLANG_WARN_SUSPICIOUS_MOVE = YES;
				CLANG_WARN_UNGUARDED_AVAILABILITY = YES_AGGRESSIVE;
				CLANG_WARN_UNREACHABLE_CODE = YES;
				CLANG_WARN__DUPLICATE_METHOD_MATCH = YES;
				COPY_PHASE_STRIP = NO;
				DEBUG_INFORMATION_FORMAT = dwarf;
				DEVELOPMENT_TEAM = BH7FURX85H;
				ENABLE_STRICT_OBJC_MSGSEND = YES;
				ENABLE_TESTABILITY = YES;
				ENABLE_USER_SCRIPT_SANDBOXING = YES;
				GCC_C_LANGUAGE_STANDARD = gnu17;
				GCC_DYNAMIC_NO_PIC = NO;
				GCC_NO_COMMON_BLOCKS = YES;
				GCC_OPTIMIZATION_LEVEL = 0;
				GCC_PREPROCESSOR_DEFINITIONS = (
					"DEBUG=1",
					"$(inherited)",
				);
				GCC_WARN_64_TO_32_BIT_CONVERSION = YES;
				GCC_WARN_ABOUT_RETURN_TYPE = YES_ERROR;
				GCC_WARN_UNDECLARED_SELECTOR = YES;
				GCC_WARN_UNINITIALIZED_AUTOS = YES_AGGRESSIVE;
				GCC_WARN_UNUSED_FUNCTION = YES;
				GCC_WARN_UNUSED_VARIABLE = YES;
				LOCALIZATION_PREFERS_STRING_CATALOGS = YES;
				MTL_ENABLE_DEBUG_INFO = INCLUDE_SOURCE;
				MTL_FAST_MATH = YES;
				ONLY_ACTIVE_ARCH = YES;
				SWIFT_ACTIVE_COMPILATION_CONDITIONS = "DEBUG $(inherited)";
				SWIFT_OPTIMIZATION_LEVEL = "-Onone";
			};
			name = Debug;
		};
		F9F08DBF2E3E47C2002DCC6B /* Release */ = {
			isa = XCBuildConfiguration;
			buildSettings = {
				ALWAYS_SEARCH_USER_PATHS = NO;
				ASSETCATALOG_COMPILER_GENERATE_SWIFT_ASSET_SYMBOL_EXTENSIONS = YES;
				CLANG_ANALYZER_NONNULL = YES;
				CLANG_ANALYZER_NUMBER_OBJECT_CONVERSION = YES_AGGRESSIVE;
				CLANG_CXX_LANGUAGE_STANDARD = "gnu++20";
				CLANG_ENABLE_MODULES = YES;
				CLANG_ENABLE_OBJC_ARC = YES;
				CLANG_ENABLE_OBJC_WEAK = YES;
				CLANG_WARN_BLOCK_CAPTURE_AUTORELEASING = YES;
				CLANG_WARN_BOOL_CONVERSION = YES;
				CLANG_WARN_COMMA = YES;
				CLANG_WARN_CONSTANT_CONVERSION = YES;
				CLANG_WARN_DEPRECATED_OBJC_IMPLEMENTATIONS = YES;
				CLANG_WARN_DIRECT_OBJC_ISA_USAGE = YES_ERROR;
				CLANG_WARN_DOCUMENTATION_COMMENTS = YES;
				CLANG_WARN_EMPTY_BODY = YES;
				CLANG_WARN_ENUM_CONVERSION = YES;
				CLANG_WARN_INFINITE_RECURSION = YES;
				CLANG_WARN_INT_CONVERSION = YES;
				CLANG_WARN_NON_LITERAL_NULL_CONVERSION = YES;
				CLANG_WARN_OBJC_IMPLICIT_RETAIN_SELF = YES;
				CLANG_WARN_OBJC_LITERAL_CONVERSION = YES;
				CLANG_WARN_OBJC_ROOT_CLASS = YES_ERROR;
				CLANG_WARN_QUOTED_INCLUDE_IN_FRAMEWORK_HEADER = YES;
				CLANG_WARN_RANGE_LOOP_ANALYSIS = YES;
				CLANG_WARN_STRICT_PROTOTYPES = YES;
				CLANG_WARN_SUSPICIOUS_MOVE = YES;
				CLANG_WARN_UNGUARDED_AVAILABILITY = YES_AGGRESSIVE;
				CLANG_WARN_UNREACHABLE_CODE = YES;
				CLANG_WARN__DUPLICATE_METHOD_MATCH = YES;
				COPY_PHASE_STRIP = NO;
				DEBUG_INFORMATION_FORMAT = "dwarf-with-dsym";
				DEVELOPMENT_TEAM = BH7FURX85H;
				ENABLE_NS_ASSERTIONS = NO;
				ENABLE_STRICT_OBJC_MSGSEND = YES;
				ENABLE_USER_SCRIPT_SANDBOXING = YES;
				GCC_C_LANGUAGE_STANDARD = gnu17;
				GCC_NO_COMMON_BLOCKS = YES;
				GCC_WARN_64_TO_32_BIT_CONVERSION = YES;
				GCC_WARN_ABOUT_RETURN_TYPE = YES_ERROR;
				GCC_WARN_UNDECLARED_SELECTOR = YES;
				GCC_WARN_UNINITIALIZED_AUTOS = YES_AGGRESSIVE;
				GCC_WARN_UNUSED_FUNCTION = YES;
				GCC_WARN_UNUSED_VARIABLE = YES;
				LOCALIZATION_PREFERS_STRING_CATALOGS = YES;
				MTL_ENABLE_DEBUG_INFO = NO;
				MTL_FAST_MATH = YES;
				SWIFT_COMPILATION_MODE = wholemodule;
			};
			name = Release;
		};
		F9F08DC12E3E47C2002DCC6B /* Debug */ = {
			isa = XCBuildConfiguration;
			baseConfigurationReference = 95D383A202CB332A8FCA5470 /* Pods-FuelEfficiencyPreditor.debug.xcconfig */;
			buildSettings = {
				ASSETCATALOG_COMPILER_APPICON_NAME = AppIcon;
				ASSETCATALOG_COMPILER_GLOBAL_ACCENT_COLOR_NAME = AccentColor;
				CODE_SIGN_ENTITLEMENTS = FuelEfficiencyPreditor/FuelEfficiencyPreditor.entitlements;
				CODE_SIGN_STYLE = Automatic;
				CURRENT_PROJECT_VERSION = 1;
				DEVELOPMENT_TEAM = BH7FURX85H;
				ENABLE_HARDENED_RUNTIME = YES;
				ENABLE_PREVIEWS = YES;
				ENABLE_USER_SCRIPT_SANDBOXING = NO;
				GENERATE_INFOPLIST_FILE = YES;
				"INFOPLIST_KEY_UIApplicationSceneManifest_Generation[sdk=iphoneos*]" = YES;
				"INFOPLIST_KEY_UIApplicationSceneManifest_Generation[sdk=iphonesimulator*]" = YES;
				"INFOPLIST_KEY_UIApplicationSupportsIndirectInputEvents[sdk=iphoneos*]" = YES;
				"INFOPLIST_KEY_UIApplicationSupportsIndirectInputEvents[sdk=iphonesimulator*]" = YES;
				"INFOPLIST_KEY_UILaunchScreen_Generation[sdk=iphoneos*]" = YES;
				"INFOPLIST_KEY_UILaunchScreen_Generation[sdk=iphonesimulator*]" = YES;
				"INFOPLIST_KEY_UIStatusBarStyle[sdk=iphoneos*]" = UIStatusBarStyleDefault;
				"INFOPLIST_KEY_UIStatusBarStyle[sdk=iphonesimulator*]" = UIStatusBarStyleDefault;
				INFOPLIST_KEY_UISupportedInterfaceOrientations_iPad = "UIInterfaceOrientationPortrait UIInterfaceOrientationPortraitUpsideDown UIInterfaceOrientationLandscapeLeft UIInterfaceOrientationLandscapeRight";
				INFOPLIST_KEY_UISupportedInterfaceOrientations_iPhone = "UIInterfaceOrientationPortrait UIInterfaceOrientationLandscapeLeft UIInterfaceOrientationLandscapeRight";
				IPHONEOS_DEPLOYMENT_TARGET = 18.4;
				LD_RUNPATH_SEARCH_PATHS = "@executable_path/Frameworks";
				"LD_RUNPATH_SEARCH_PATHS[sdk=macosx*]" = "@executable_path/../Frameworks";
				MACOSX_DEPLOYMENT_TARGET = 15.4;
				MARKETING_VERSION = 1.0;
				PRODUCT_BUNDLE_IDENTIFIER = com.FuelEfficiencyPreditor;
				PRODUCT_NAME = "$(TARGET_NAME)";
				REGISTER_APP_GROUPS = YES;
				SDKROOT = auto;
				SUPPORTED_PLATFORMS = "iphoneos iphonesimulator macosx xros xrsimulator";
				SWIFT_EMIT_LOC_STRINGS = YES;
				SWIFT_VERSION = 5.0;
				TARGETED_DEVICE_FAMILY = "1,2,7";
				XROS_DEPLOYMENT_TARGET = 2.4;
			};
			name = Debug;
		};
		F9F08DC22E3E47C2002DCC6B /* Release */ = {
			isa = XCBuildConfiguration;
			baseConfigurationReference = 9768FCCD4A2EA5654915106B /* Pods-FuelEfficiencyPreditor.release.xcconfig */;
			buildSettings = {
				ASSETCATALOG_COMPILER_APPICON_NAME = AppIcon;
				ASSETCATALOG_COMPILER_GLOBAL_ACCENT_COLOR_NAME = AccentColor;
				CODE_SIGN_ENTITLEMENTS = FuelEfficiencyPreditor/FuelEfficiencyPreditor.entitlements;
				CODE_SIGN_STYLE = Automatic;
				CURRENT_PROJECT_VERSION = 1;
				DEVELOPMENT_TEAM = BH7FURX85H;
				ENABLE_HARDENED_RUNTIME = YES;
				ENABLE_PREVIEWS = YES;
				ENABLE_USER_SCRIPT_SANDBOXING = NO;
				GENERATE_INFOPLIST_FILE = YES;
				"INFOPLIST_KEY_UIApplicationSceneManifest_Generation[sdk=iphoneos*]" = YES;
				"INFOPLIST_KEY_UIApplicationSceneManifest_Generation[sdk=iphonesimulator*]" = YES;
				"INFOPLIST_KEY_UIApplicationSupportsIndirectInputEvents[sdk=iphoneos*]" = YES;
				"INFOPLIST_KEY_UIApplicationSupportsIndirectInputEvents[sdk=iphonesimulator*]" = YES;
				"INFOPLIST_KEY_UILaunchScreen_Generation[sdk=iphoneos*]" = YES;
				"INFOPLIST_KEY_UILaunchScreen_Generation[sdk=iphonesimulator*]" = YES;
				"INFOPLIST_KEY_UIStatusBarStyle[sdk=iphoneos*]" = UIStatusBarStyleDefault;
				"INFOPLIST_KEY_UIStatusBarStyle[sdk=iphonesimulator*]" = UIStatusBarStyleDefault;
				INFOPLIST_KEY_UISupportedInterfaceOrientations_iPad = "UIInterfaceOrientationPortrait UIInterfaceOrientationPortraitUpsideDown UIInterfaceOrientationLandscapeLeft UIInterfaceOrientationLandscapeRight";
				INFOPLIST_KEY_UISupportedInterfaceOrientations_iPhone = "UIInterfaceOrientationPortrait UIInterfaceOrientationLandscapeLeft UIInterfaceOrientationLandscapeRight";
				IPHONEOS_DEPLOYMENT_TARGET = 18.4;
				LD_RUNPATH_SEARCH_PATHS = "@executable_path/Frameworks";
				"LD_RUNPATH_SEARCH_PATHS[sdk=macosx*]" = "@executable_path/../Frameworks";
				MACOSX_DEPLOYMENT_TARGET = 15.4;
				MARKETING_VERSION = 1.0;
				PRODUCT_BUNDLE_IDENTIFIER = com.FuelEfficiencyPreditor;
				PRODUCT_NAME = "$(TARGET_NAME)";
				REGISTER_APP_GROUPS = YES;
				SDKROOT = auto;
				SUPPORTED_PLATFORMS = "iphoneos iphonesimulator macosx xros xrsimulator";
				SWIFT_EMIT_LOC_STRINGS = YES;
				SWIFT_VERSION = 5.0;
				TARGETED_DEVICE_FAMILY = "1,2,7";
				XROS_DEPLOYMENT_TARGET = 2.4;
			};
			name = Release;
		};
		F9F08DC42E3E47C2002DCC6B /* Debug */ = {
			isa = XCBuildConfiguration;
			baseConfigurationReference = EB8C234899264691DD43EEA3 /* Pods-FuelEfficiencyPreditorTests.debug.xcconfig */;
			buildSettings = {
				BUNDLE_LOADER = "$(TEST_HOST)";
				CODE_SIGN_STYLE = Automatic;
				CURRENT_PROJECT_VERSION = 1;
				DEVELOPMENT_TEAM = BH7FURX85H;
				GENERATE_INFOPLIST_FILE = YES;
				IPHONEOS_DEPLOYMENT_TARGET = 18.4;
				MACOSX_DEPLOYMENT_TARGET = 15.4;
				MARKETING_VERSION = 1.0;
				PRODUCT_BUNDLE_IDENTIFIER = com.FuelEfficiencyPreditorTests;
				PRODUCT_NAME = "$(TARGET_NAME)";
				SDKROOT = auto;
				SUPPORTED_PLATFORMS = "iphoneos iphonesimulator macosx xros xrsimulator";
				SWIFT_EMIT_LOC_STRINGS = NO;
				SWIFT_VERSION = 5.0;
				TARGETED_DEVICE_FAMILY = "1,2,7";
				TEST_HOST = "$(BUILT_PRODUCTS_DIR)/FuelEfficiencyPreditor.app/$(BUNDLE_EXECUTABLE_FOLDER_PATH)/FuelEfficiencyPreditor";
				XROS_DEPLOYMENT_TARGET = 2.4;
			};
			name = Debug;
		};
		F9F08DC52E3E47C2002DCC6B /* Release */ = {
			isa = XCBuildConfiguration;
			baseConfigurationReference = E2FC8B1937A5D125196DD9D0 /* Pods-FuelEfficiencyPreditorTests.release.xcconfig */;
			buildSettings = {
				BUNDLE_LOADER = "$(TEST_HOST)";
				CODE_SIGN_STYLE = Automatic;
				CURRENT_PROJECT_VERSION = 1;
				DEVELOPMENT_TEAM = BH7FURX85H;
				GENERATE_INFOPLIST_FILE = YES;
				IPHONEOS_DEPLOYMENT_TARGET = 18.4;
				MACOSX_DEPLOYMENT_TARGET = 15.4;
				MARKETING_VERSION = 1.0;
				PRODUCT_BUNDLE_IDENTIFIER = com.FuelEfficiencyPreditorTests;
				PRODUCT_NAME = "$(TARGET_NAME)";
				SDKROOT = auto;
				SUPPORTED_PLATFORMS = "iphoneos iphonesimulator macosx xros xrsimulator";
				SWIFT_EMIT_LOC_STRINGS = NO;
				SWIFT_VERSION = 5.0;
				TARGETED_DEVICE_FAMILY = "1,2,7";
				TEST_HOST = "$(BUILT_PRODUCTS_DIR)/FuelEfficiencyPreditor.app/$(BUNDLE_EXECUTABLE_FOLDER_PATH)/FuelEfficiencyPreditor";
				XROS_DEPLOYMENT_TARGET = 2.4;
			};
			name = Release;
		};
		F9F08DC72E3E47C2002DCC6B /* Debug */ = {
			isa = XCBuildConfiguration;
			baseConfigurationReference = 83AB6779BF1C248A7142FAE6 /* Pods-FuelEfficiencyPreditor-FuelEfficiencyPreditorUITests.debug.xcconfig */;
			buildSettings = {
				CODE_SIGN_STYLE = Automatic;
				CURRENT_PROJECT_VERSION = 1;
				DEVELOPMENT_TEAM = BH7FURX85H;
				GENERATE_INFOPLIST_FILE = YES;
				IPHONEOS_DEPLOYMENT_TARGET = 18.4;
				MACOSX_DEPLOYMENT_TARGET = 15.4;
				MARKETING_VERSION = 1.0;
				PRODUCT_BUNDLE_IDENTIFIER = com.FuelEfficiencyPreditorUITests;
				PRODUCT_NAME = "$(TARGET_NAME)";
				SDKROOT = auto;
				SUPPORTED_PLATFORMS = "iphoneos iphonesimulator macosx xros xrsimulator";
				SWIFT_EMIT_LOC_STRINGS = NO;
				SWIFT_VERSION = 5.0;
				TARGETED_DEVICE_FAMILY = "1,2,7";
				TEST_TARGET_NAME = FuelEfficiencyPreditor;
				XROS_DEPLOYMENT_TARGET = 2.4;
			};
			name = Debug;
		};
		F9F08DC82E3E47C2002DCC6B /* Release */ = {
			isa = XCBuildConfiguration;
			baseConfigurationReference = 91622AC5A0ADA3AB7DACC191 /* Pods-FuelEfficiencyPreditor-FuelEfficiencyPreditorUITests.release.xcconfig */;
			buildSettings = {
				CODE_SIGN_STYLE = Automatic;
				CURRENT_PROJECT_VERSION = 1;
				DEVELOPMENT_TEAM = BH7FURX85H;
				GENERATE_INFOPLIST_FILE = YES;
				IPHONEOS_DEPLOYMENT_TARGET = 18.4;
				MACOSX_DEPLOYMENT_TARGET = 15.4;
				MARKETING_VERSION = 1.0;
				PRODUCT_BUNDLE_IDENTIFIER = com.FuelEfficiencyPreditorUITests;
				PRODUCT_NAME = "$(TARGET_NAME)";
				SDKROOT = auto;
				SUPPORTED_PLATFORMS = "iphoneos iphonesimulator macosx xros xrsimulator";
				SWIFT_EMIT_LOC_STRINGS = NO;
				SWIFT_VERSION = 5.0;
				TARGETED_DEVICE_FAMILY = "1,2,7";
				TEST_TARGET_NAME = FuelEfficiencyPreditor;
				XROS_DEPLOYMENT_TARGET = 2.4;
			};
			name = Release;
		};
/* End XCBuildConfiguration section */

/* Begin XCConfigurationList section */
		F9F08D992E3E47BF002DCC6B /* Build configuration list for PBXProject "FuelEfficiencyPreditor" */ = {
			isa = XCConfigurationList;
			buildConfigurations = (
				F9F08DBE2E3E47C2002DCC6B /* Debug */,
				F9F08DBF2E3E47C2002DCC6B /* Release */,
			);
			defaultConfigurationIsVisible = 0;
			defaultConfigurationName = Release;
		};
		F9F08DC02E3E47C2002DCC6B /* Build configuration list for PBXNativeTarget "FuelEfficiencyPreditor" */ = {
			isa = XCConfigurationList;
			buildConfigurations = (
				F9F08DC12E3E47C2002DCC6B /* Debug */,
				F9F08DC22E3E47C2002DCC6B /* Release */,
			);
			defaultConfigurationIsVisible = 0;
			defaultConfigurationName = Release;
		};
		F9F08DC32E3E47C2002DCC6B /* Build configuration list for PBXNativeTarget "FuelEfficiencyPreditorTests" */ = {
			isa = XCConfigurationList;
			buildConfigurations = (
				F9F08DC42E3E47C2002DCC6B /* Debug */,
				F9F08DC52E3E47C2002DCC6B /* Release */,
			);
			defaultConfigurationIsVisible = 0;
			defaultConfigurationName = Release;
		};
		F9F08DC62E3E47C2002DCC6B /* Build configuration list for PBXNativeTarget "FuelEfficiencyPreditorUITests" */ = {
			isa = XCConfigurationList;
			buildConfigurations = (
				F9F08DC72E3E47C2002DCC6B /* Debug */,
				F9F08DC82E3E47C2002DCC6B /* Release */,
			);
			defaultConfigurationIsVisible = 0;
			defaultConfigurationName = Release;
		};
/* End XCConfigurationList section */
	};
	rootObject = F9F08D962E3E47BF002DCC6B /* Project object */;
}
